
Microsoft Visual Studio Solution File, Format Version 12.00
# Visual Studio Version 16
VisualStudioVersion = 16.0.31729.503
MinimumVisualStudioVersion = 10.0.40219.1
Project("{FAE04EC0-301F-11D3-BF4B-00C04F79EFBC}") = "VersionsApi", "VersionsApi\VersionsApi.csproj", "{B6EBBC4F-AF59-4DDA-8C34-47A7EE3880D2}"
EndProject
Global
	GlobalSection(SolutionConfigurationPlatforms) = preSolution
		Debug|Any CPU = Debug|Any CPU
		Release|Any CPU = Release|Any CPU
	EndGlobalSection
	GlobalSection(ProjectConfigurationPlatforms) = postSolution
		{B6EBBC4F-AF59-4DDA-8C34-47A7EE3880D2}.Debug|Any CPU.ActiveCfg = Debug|Any CPU
		{B6EBBC4F-AF59-4DDA-8C34-47A7EE3880D2}.Debug|Any CPU.Build.0 = Debug|Any CPU
		{B6EBBC4F-AF59-4DDA-8C34-47A7EE3880D2}.Release|Any CPU.ActiveCfg = Release|Any CPU
		{B6EBBC4F-AF59-4DDA-8C34-47A7EE3880D2}.Release|Any CPU.Build.0 = Release|Any CPU
	EndGlobalSection
	GlobalSection(SolutionProperties) = preSolution
		HideSolutionNode = FALSE
	EndGlobalSection
	GlobalSection(ExtensibilityGlobals) = postSolution
		SolutionGuid = {F5FF318E-8CC2-4699-8629-9AECF7BBD2F9}
	EndGlobalSection
EndGlobal
